
Microsoft Visual Studio Solution File, Format Version 12.00
# Visual Studio Version 17
VisualStudioVersion = 17.7.34202.233
MinimumVisualStudioVersion = 10.0.40219.1
Project("{FAE04EC0-301F-11D3-BF4B-00C04F79EFBC}") = "ConsoleApp1", "ConsoleApp1\ConsoleApp1.csproj", "{5AD4EF82-7FEE-48FD-A7D5-8B69D868F831}"
EndProject
Global
	GlobalSection(SolutionConfigurationPlatforms) = preSolution
		Debug|Any CPU = Debug|Any CPU
		Release|Any CPU = Release|Any CPU
	EndGlobalSection
	GlobalSection(ProjectConfigurationPlatforms) = postSolution
		{5AD4EF82-7FEE-48FD-A7D5-8B69D868F831}.Debug|Any CPU.ActiveCfg = Debug|Any CPU
		{5AD4EF82-7FEE-48FD-A7D5-8B69D868F831}.Debug|Any CPU.Build.0 = Debug|Any CPU
		{5AD4EF82-7FEE-48FD-A7D5-8B69D868F831}.Release|Any CPU.ActiveCfg = Release|Any CPU
		{5AD4EF82-7FEE-48FD-A7D5-8B69D868F831}.Release|Any CPU.Build.0 = Release|Any CPU
	EndGlobalSection
	GlobalSection(SolutionProperties) = preSolution
		HideSolutionNode = FALSE
	EndGlobalSection
	GlobalSection(ExtensibilityGlobals) = postSolution
		SolutionGuid = {A123C9AE-CCA0-4B3D-8F83-A7DC11A6AF29}
	EndGlobalSection
EndGlobal
